// !$*UTF8*$!
{
	archiveVersion = 1;
	classes = {
	};
	objectVersion = 46;
	objects = {

/* Begin PBXBuildFile section */
		C6124BAA1A3A4CCE00A94107 /* main.m in Sources */ = {isa = PBXBuildFile; fileRef = C6124BA91A3A4CCE00A94107 /* main.m */; };
		C6124BAD1A3A4CCE00A94107 /* AppDelegate.m in Sources */ = {isa = PBXBuildFile; fileRef = C6124BAC1A3A4CCE00A94107 /* AppDelegate.m */; };
		C6124BB01A3A4CCE00A94107 /* ViewController.m in Sources */ = {isa = PBXBuildFile; fileRef = C6124BAF1A3A4CCE00A94107 /* ViewController.m */; };
		C6124BB51A3A4CCE00A94107 /* Images.xcassets in Resources */ = {isa = PBXBuildFile; fileRef = C6124BB41A3A4CCE00A94107 /* Images.xcassets */; };
		C6124BB81A3A4CCE00A94107 /* LaunchScreen.xib in Resources */ = {isa = PBXBuildFile; fileRef = C6124BB61A3A4CCE00A94107 /* LaunchScreen.xib */; };
		C6124BC41A3A4CCE00A94107 /* AlcolatorTests.m in Sources */ = {isa = PBXBuildFile; fileRef = C6124BC31A3A4CCE00A94107 /* AlcolatorTests.m */; };
		C64D322C1A3E69E90096F52B /* WhiskeyViewController.m in Sources */ = {isa = PBXBuildFile; fileRef = C64D322B1A3E69E90096F52B /* WhiskeyViewController.m */; };
		C64D322F1A3F95120096F52B /* MainMenuViewController.m in Sources */ = {isa = PBXBuildFile; fileRef = C64D322E1A3F95120096F52B /* MainMenuViewController.m */; };
/* End PBXBuildFile section */

/* Begin PBXContainerItemProxy section */
		C6124BBE1A3A4CCE00A94107 /* PBXContainerItemProxy */ = {
			isa = PBXContainerItemProxy;
			containerPortal = C6124B9C1A3A4CCE00A94107 /* Project object */;
			proxyType = 1;
			remoteGlobalIDString = C6124BA31A3A4CCE00A94107;
			remoteInfo = Alcolator;
		};
/* End PBXContainerItemProxy section */

/* Begin PBXFileReference section */
		C6124BA41A3A4CCE00A94107 /* Alcolator.app */ = {isa = PBXFileReference; explicitFileType = wrapper.application; includeInIndex = 0; path = Alcolator.app; sourceTree = BUILT_PRODUCTS_DIR; };
		C6124BA81A3A4CCE00A94107 /* Info.plist */ = {isa = PBXFileReference; lastKnownFileType = text.plist.xml; path = Info.plist; sourceTree = "<group>"; };
		C6124BA91A3A4CCE00A94107 /* main.m */ = {isa = PBXFileReference; lastKnownFileType = sourcecode.c.objc; path = main.m; sourceTree = "<group>"; };
		C6124BAB1A3A4CCE00A94107 /* AppDelegate.h */ = {isa = PBXFileReference; lastKnownFileType = sourcecode.c.h; path = AppDelegate.h; sourceTree = "<group>"; };
		C6124BAC1A3A4CCE00A94107 /* AppDelegate.m */ = {isa = PBXFileReference; lastKnownFileType = sourcecode.c.objc; path = AppDelegate.m; sourceTree = "<group>"; };
		C6124BAE1A3A4CCE00A94107 /* ViewController.h */ = {isa = PBXFileReference; lastKnownFileType = sourcecode.c.h; path = ViewController.h; sourceTree = "<group>"; };
		C6124BAF1A3A4CCE00A94107 /* ViewController.m */ = {isa = PBXFileReference; lastKnownFileType = sourcecode.c.objc; path = ViewController.m; sourceTree = "<group>"; };
		C6124BB41A3A4CCE00A94107 /* Images.xcassets */ = {isa = PBXFileReference; lastKnownFileType = folder.assetcatalog; path = Images.xcassets; sourceTree = "<group>"; };
		C6124BB71A3A4CCE00A94107 /* Base */ = {isa = PBXFileReference; lastKnownFileType = file.xib; name = Base; path = Base.lproj/LaunchScreen.xib; sourceTree = "<group>"; };
		C6124BBD1A3A4CCE00A94107 /* AlcolatorTests.xctest */ = {isa = PBXFileReference; explicitFileType = wrapper.cfbundle; includeInIndex = 0; path = AlcolatorTests.xctest; sourceTree = BUILT_PRODUCTS_DIR; };
		C6124BC21A3A4CCE00A94107 /* Info.plist */ = {isa = PBXFileReference; lastKnownFileType = text.plist.xml; path = Info.plist; sourceTree = "<group>"; };
		C6124BC31A3A4CCE00A94107 /* AlcolatorTests.m */ = {isa = PBXFileReference; lastKnownFileType = sourcecode.c.objc; path = AlcolatorTests.m; sourceTree = "<group>"; };
		C64D322A1A3E69E90096F52B /* WhiskeyViewController.h */ = {isa = PBXFileReference; fileEncoding = 4; lastKnownFileType = sourcecode.c.h; path = WhiskeyViewController.h; sourceTree = "<group>"; };
		C64D322B1A3E69E90096F52B /* WhiskeyViewController.m */ = {isa = PBXFileReference; fileEncoding = 4; lastKnownFileType = sourcecode.c.objc; path = WhiskeyViewController.m; sourceTree = "<group>"; };
		C64D322D1A3F95120096F52B /* MainMenuViewController.h */ = {isa = PBXFileReference; fileEncoding = 4; lastKnownFileType = sourcecode.c.h; path = MainMenuViewController.h; sourceTree = "<group>"; };
		C64D322E1A3F95120096F52B /* MainMenuViewController.m */ = {isa = PBXFileReference; fileEncoding = 4; lastKnownFileType = sourcecode.c.objc; path = MainMenuViewController.m; sourceTree = "<group>"; };
/* End PBXFileReference section */

/* Begin PBXFrameworksBuildPhase section */
		C6124BA11A3A4CCE00A94107 /* Frameworks */ = {
			isa = PBXFrameworksBuildPhase;
			buildActionMask = 2147483647;
			files = (
			);
			runOnlyForDeploymentPostprocessing = 0;
		};
		C6124BBA1A3A4CCE00A94107 /* Frameworks */ = {
			isa = PBXFrameworksBuildPhase;
			buildActionMask = 2147483647;
			files = (
			);
			runOnlyForDeploymentPostprocessing = 0;
		};
/* End PBXFrameworksBuildPhase section */

/* Begin PBXGroup section */
		C6124B9B1A3A4CCD00A94107 = {
			isa = PBXGroup;
			children = (
				C6124BA61A3A4CCE00A94107 /* Alcolator */,
				C6124BC01A3A4CCE00A94107 /* AlcolatorTests */,
				C6124BA51A3A4CCE00A94107 /* Products */,
			);
			sourceTree = "<group>";
		};
		C6124BA51A3A4CCE00A94107 /* Products */ = {
			isa = PBXGroup;
			children = (
				C6124BA41A3A4CCE00A94107 /* Alcolator.app */,
				C6124BBD1A3A4CCE00A94107 /* AlcolatorTests.xctest */,
			);
			name = Products;
			sourceTree = "<group>";
		};
		C6124BA61A3A4CCE00A94107 /* Alcolator */ = {
			isa = PBXGroup;
			children = (
				C64D322D1A3F95120096F52B /* MainMenuViewController.h */,
				C64D322E1A3F95120096F52B /* MainMenuViewController.m */,
				C64D322A1A3E69E90096F52B /* WhiskeyViewController.h */,
				C64D322B1A3E69E90096F52B /* WhiskeyViewController.m */,
				C6124BAB1A3A4CCE00A94107 /* AppDelegate.h */,
				C6124BAC1A3A4CCE00A94107 /* AppDelegate.m */,
				C6124BAE1A3A4CCE00A94107 /* ViewController.h */,
				C6124BAF1A3A4CCE00A94107 /* ViewController.m */,
				C6124BB41A3A4CCE00A94107 /* Images.xcassets */,
				C6124BB61A3A4CCE00A94107 /* LaunchScreen.xib */,
				C6124BA71A3A4CCE00A94107 /* Supporting Files */,
			);
			path = Alcolator;
			sourceTree = "<group>";
		};
		C6124BA71A3A4CCE00A94107 /* Supporting Files */ = {
			isa = PBXGroup;
			children = (
				C6124BA81A3A4CCE00A94107 /* Info.plist */,
				C6124BA91A3A4CCE00A94107 /* main.m */,
			);
			name = "Supporting Files";
			sourceTree = "<group>";
		};
		C6124BC01A3A4CCE00A94107 /* AlcolatorTests */ = {
			isa = PBXGroup;
			children = (
				C6124BC31A3A4CCE00A94107 /* AlcolatorTests.m */,
				C6124BC11A3A4CCE00A94107 /* Supporting Files */,
			);
			path = AlcolatorTests;
			sourceTree = "<group>";
		};
		C6124BC11A3A4CCE00A94107 /* Supporting Files */ = {
			isa = PBXGroup;
			children = (
				C6124BC21A3A4CCE00A94107 /* Info.plist */,
			);
			name = "Supporting Files";
			sourceTree = "<group>";
		};
/* End PBXGroup section */

/* Begin PBXNativeTarget section */
		C6124BA31A3A4CCE00A94107 /* Alcolator */ = {
			isa = PBXNativeTarget;
			buildConfigurationList = C6124BC71A3A4CCE00A94107 /* Build configuration list for PBXNativeTarget "Alcolator" */;
			buildPhases = (
				C6124BA01A3A4CCE00A94107 /* Sources */,
				C6124BA11A3A4CCE00A94107 /* Frameworks */,
				C6124BA21A3A4CCE00A94107 /* Resources */,
			);
			buildRules = (
			);
			dependencies = (
			);
			name = Alcolator;
			productName = Alcolator;
			productReference = C6124BA41A3A4CCE00A94107 /* Alcolator.app */;
			productType = "com.apple.product-type.application";
		};
		C6124BBC1A3A4CCE00A94107 /* AlcolatorTests */ = {
			isa = PBXNativeTarget;
			buildConfigurationList = C6124BCA1A3A4CCE00A94107 /* Build configuration list for PBXNativeTarget "AlcolatorTests" */;
			buildPhases = (
				C6124BB91A3A4CCE00A94107 /* Sources */,
				C6124BBA1A3A4CCE00A94107 /* Frameworks */,
				C6124BBB1A3A4CCE00A94107 /* Resources */,
			);
			buildRules = (
			);
			dependencies = (
				C6124BBF1A3A4CCE00A94107 /* PBXTargetDependency */,
			);
			name = AlcolatorTests;
			productName = AlcolatorTests;
			productReference = C6124BBD1A3A4CCE00A94107 /* AlcolatorTests.xctest */;
			productType = "com.apple.product-type.bundle.unit-test";
		};
/* End PBXNativeTarget section */

/* Begin PBXProject section */
		C6124B9C1A3A4CCE00A94107 /* Project object */ = {
			isa = PBXProject;
			attributes = {
				LastUpgradeCheck = 0610;
				ORGANIZATIONNAME = "Steve Palley";
				TargetAttributes = {
					C6124BA31A3A4CCE00A94107 = {
						CreatedOnToolsVersion = 6.1.1;
					};
					C6124BBC1A3A4CCE00A94107 = {
						CreatedOnToolsVersion = 6.1.1;
						TestTargetID = C6124BA31A3A4CCE00A94107;
					};
				};
			};
			buildConfigurationList = C6124B9F1A3A4CCE00A94107 /* Build configuration list for PBXProject "Alcolator" */;
			compatibilityVersion = "Xcode 3.2";
			developmentRegion = English;
			hasScannedForEncodings = 0;
			knownRegions = (
				en,
				Base,
			);
			mainGroup = C6124B9B1A3A4CCD00A94107;
			productRefGroup = C6124BA51A3A4CCE00A94107 /* Products */;
			projectDirPath = "";
			projectRoot = "";
			targets = (
				C6124BA31A3A4CCE00A94107 /* Alcolator */,
				C6124BBC1A3A4CCE00A94107 /* AlcolatorTests */,
			);
		};
/* End PBXProject section */

/* Begin PBXResourcesBuildPhase section */
		C6124BA21A3A4CCE00A94107 /* Resources */ = {
			isa = PBXResourcesBuildPhase;
			buildActionMask = 2147483647;
			files = (
				C6124BB81A3A4CCE00A94107 /* LaunchScreen.xib in Resources */,
				C6124BB51A3A4CCE00A94107 /* Images.xcassets in Resources */,
			);
			runOnlyForDeploymentPostprocessing = 0;
		};
		C6124BBB1A3A4CCE00A94107 /* Resources */ = {
			isa = PBXResourcesBuildPhase;
			buildActionMask = 2147483647;
			files = (
			);
			runOnlyForDeploymentPostprocessing = 0;
		};
/* End PBXResourcesBuildPhase section */

/* Begin PBXSourcesBuildPhase section */
		C6124BA01A3A4CCE00A94107 /* Sources */ = {
			isa = PBXSourcesBuildPhase;
			buildActionMask = 2147483647;
			files = (
				C6124BB01A3A4CCE00A94107 /* ViewController.m in Sources */,
				C64D322C1A3E69E90096F52B /* WhiskeyViewController.m in Sources */,
				C6124BAD1A3A4CCE00A94107 /* AppDelegate.m in Sources */,
				C6124BAA1A3A4CCE00A94107 /* main.m in Sources */,
				C64D322F1A3F95120096F52B /* MainMenuViewController.m in Sources */,
			);
			runOnlyForDeploymentPostprocessing = 0;
		};
		C6124BB91A3A4CCE00A94107 /* Sources */ = {
			isa = PBXSourcesBuildPhase;
			buildActionMask = 2147483647;
			files = (
				C6124BC41A3A4CCE00A94107 /* AlcolatorTests.m in Sources */,
			);
			runOnlyForDeploymentPostprocessing = 0;
		};
/* End PBXSourcesBuildPhase section */

/* Begin PBXTargetDependency section */
		C6124BBF1A3A4CCE00A94107 /* PBXTargetDependency */ = {
			isa = PBXTargetDependency;
			target = C6124BA31A3A4CCE00A94107 /* Alcolator */;
			targetProxy = C6124BBE1A3A4CCE00A94107 /* PBXContainerItemProxy */;
		};
/* End PBXTargetDependency section */

/* Begin PBXVariantGroup section */
		C6124BB61A3A4CCE00A94107 /* LaunchScreen.xib */ = {
			isa = PBXVariantGroup;
			children = (
				C6124BB71A3A4CCE00A94107 /* Base */,
			);
			name = LaunchScreen.xib;
			sourceTree = "<group>";
		};
/* End PBXVariantGroup section */

/* Begin XCBuildConfiguration section */
		C6124BC51A3A4CCE00A94107 /* Debug */ = {
			isa = XCBuildConfiguration;
			buildSettings = {
				ALWAYS_SEARCH_USER_PATHS = NO;
				CLANG_CXX_LANGUAGE_STANDARD = "gnu++0x";
				CLANG_CXX_LIBRARY = "libc++";
				CLANG_ENABLE_MODULES = YES;
				CLANG_ENABLE_OBJC_ARC = YES;
				CLANG_WARN_BOOL_CONVERSION = YES;
				CLANG_WARN_CONSTANT_CONVERSION = YES;
				CLANG_WARN_DIRECT_OBJC_ISA_USAGE = YES_ERROR;
				CLANG_WARN_EMPTY_BODY = YES;
				CLANG_WARN_ENUM_CONVERSION = YES;
				CLANG_WARN_INT_CONVERSION = YES;
				CLANG_WARN_OBJC_ROOT_CLASS = YES_ERROR;
				CLANG_WARN_UNREACHABLE_CODE = YES;
				CLANG_WARN__DUPLICATE_METHOD_MATCH = YES;
				"CODE_SIGN_IDENTITY[sdk=iphoneos*]" = "iPhone Developer";
				COPY_PHASE_STRIP = NO;
				ENABLE_STRICT_OBJC_MSGSEND = YES;
				GCC_C_LANGUAGE_STANDARD = gnu99;
				GCC_DYNAMIC_NO_PIC = NO;
				GCC_OPTIMIZATION_LEVEL = 0;
				GCC_PREPROCESSOR_DEFINITIONS = (
					"DEBUG=1",
					"$(inherited)",
				);
				GCC_SYMBOLS_PRIVATE_EXTERN = NO;
				GCC_WARN_64_TO_32_BIT_CONVERSION = YES;
				GCC_WARN_ABOUT_RETURN_TYPE = YES_ERROR;
				GCC_WARN_UNDECLARED_SELECTOR = YES;
				GCC_WARN_UNINITIALIZED_AUTOS = YES_AGGRESSIVE;
				GCC_WARN_UNUSED_FUNCTION = YES;
				GCC_WARN_UNUSED_VARIABLE = YES;
				IPHONEOS_DEPLOYMENT_TARGET = 8.1;
				MTL_ENABLE_DEBUG_INFO = YES;
				ONLY_ACTIVE_ARCH = YES;
				SDKROOT = iphoneos;
			};
			name = Debug;
		};
		C6124BC61A3A4CCE00A94107 /* Release */ = {
			isa = XCBuildConfiguration;
			buildSettings = {
				ALWAYS_SEARCH_USER_PATHS = NO;
				CLANG_CXX_LANGUAGE_STANDARD = "gnu++0x";
				CLANG_CXX_LIBRARY = "libc++";
				CLANG_ENABLE_MODULES = YES;
				CLANG_ENABLE_OBJC_ARC = YES;
				CLANG_WARN_BOOL_CONVERSION = YES;
				CLANG_WARN_CONSTANT_CONVERSION = YES;
				CLANG_WARN_DIRECT_OBJC_ISA_USAGE = YES_ERROR;
				CLANG_WARN_EMPTY_BODY = YES;
				CLANG_WARN_ENUM_CONVERSION = YES;
				CLANG_WARN_INT_CONVERSION = YES;
				CLANG_WARN_OBJC_ROOT_CLASS = YES_ERROR;
				CLANG_WARN_UNREACHABLE_CODE = YES;
				CLANG_WARN__DUPLICATE_METHOD_MATCH = YES;
				"CODE_SIGN_IDENTITY[sdk=iphoneos*]" = "iPhone Developer";
				COPY_PHASE_STRIP = YES;
				ENABLE_NS_ASSERTIONS = NO;
				ENABLE_STRICT_OBJC_MSGSEND = YES;
				GCC_C_LANGUAGE_STANDARD = gnu99;
				GCC_WARN_64_TO_32_BIT_CONVERSION = YES;
				GCC_WARN_ABOUT_RETURN_TYPE = YES_ERROR;
				GCC_WARN_UNDECLARED_SELECTOR = YES;
				GCC_WARN_UNINITIALIZED_AUTOS = YES_AGGRESSIVE;
				GCC_WARN_UNUSED_FUNCTION = YES;
				GCC_WARN_UNUSED_VARIABLE = YES;
				IPHONEOS_DEPLOYMENT_TARGET = 8.1;
				MTL_ENABLE_DEBUG_INFO = NO;
				SDKROOT = iphoneos;
				VALIDATE_PRODUCT = YES;
			};
			name = Release;
		};
		C6124BC81A3A4CCE00A94107 /* Debug */ = {
			isa = XCBuildConfiguration;
			buildSettings = {
				ASSETCATALOG_COMPILER_APPICON_NAME = AppIcon;
				INFOPLIST_FILE = Alcolator/Info.plist;
				LD_RUNPATH_SEARCH_PATHS = "$(inherited) @executable_path/Frameworks";
				PRODUCT_NAME = "$(TARGET_NAME)";
				TARGETED_DEVICE_FAMILY = "1,2";
			};
			name = Debug;
		};
		C6124BC91A3A4CCE00A94107 /* Release */ = {
			isa = XCBuildConfiguration;
			buildSettings = {
				ASSETCATALOG_COMPILER_APPICON_NAME = AppIcon;
				INFOPLIST_FILE = Alcolator/Info.plist;
				LD_RUNPATH_SEARCH_PATHS = "$(inherited) @executable_path/Frameworks";
				PRODUCT_NAME = "$(TARGET_NAME)";
				TARGETED_DEVICE_FAMILY = "1,2";
			};
			name = Release;
		};
		C6124BCB1A3A4CCE00A94107 /* Debug */ = {
			isa = XCBuildConfiguration;
			buildSettings = {
				BUNDLE_LOADER = "$(TEST_HOST)";
				FRAMEWORK_SEARCH_PATHS = (
					"$(SDKROOT)/Developer/Library/Frameworks",
					"$(inherited)",
				);
				GCC_PREPROCESSOR_DEFINITIONS = (
					"DEBUG=1",
					"$(inherited)",
				);
				INFOPLIST_FILE = AlcolatorTests/Info.plist;
				LD_RUNPATH_SEARCH_PATHS = "$(inherited) @executable_path/Frameworks @loader_path/Frameworks";
				PRODUCT_NAME = "$(TARGET_NAME)";
				TEST_HOST = "$(BUILT_PRODUCTS_DIR)/Alcolator.app/Alcolator";
			};
			name = Debug;
		};
		C6124BCC1A3A4CCE00A94107 /* Release */ = {
			isa = XCBuildConfiguration;
			buildSettings = {
				BUNDLE_LOADER = "$(TEST_HOST)";
				FRAMEWORK_SEARCH_PATHS = (
					"$(SDKROOT)/Developer/Library/Frameworks",
					"$(inherited)",
				);
				INFOPLIST_FILE = AlcolatorTests/Info.plist;
				LD_RUNPATH_SEARCH_PATHS = "$(inherited) @executable_path/Frameworks @loader_path/Frameworks";
				PRODUCT_NAME = "$(TARGET_NAME)";
				TEST_HOST = "$(BUILT_PRODUCTS_DIR)/Alcolator.app/Alcolator";
			};
			name = Release;
		};
/* End XCBuildConfiguration section */

/* Begin XCConfigurationList section */
		C6124B9F1A3A4CCE00A94107 /* Build configuration list for PBXProject "Alcolator" */ = {
			isa = XCConfigurationList;
			buildConfigurations = (
				C6124BC51A3A4CCE00A94107 /* Debug */,
				C6124BC61A3A4CCE00A94107 /* Release */,
			);
			defaultConfigurationIsVisible = 0;
			defaultConfigurationName = Release;
		};
		C6124BC71A3A4CCE00A94107 /* Build configuration list for PBXNativeTarget "Alcolator" */ = {
			isa = XCConfigurationList;
			buildConfigurations = (
				C6124BC81A3A4CCE00A94107 /* Debug */,
				C6124BC91A3A4CCE00A94107 /* Release */,
			);
			defaultConfigurationIsVisible = 0;
			defaultConfigurationName = Release;
		};
		C6124BCA1A3A4CCE00A94107 /* Build configuration list for PBXNativeTarget "AlcolatorTests" */ = {
			isa = XCConfigurationList;
			buildConfigurations = (
				C6124BCB1A3A4CCE00A94107 /* Debug */,
				C6124BCC1A3A4CCE00A94107 /* Release */,
			);
			defaultConfigurationIsVisible = 0;
			defaultConfigurationName = Release;
		};
/* End XCConfigurationList section */
	};
	rootObject = C6124B9C1A3A4CCE00A94107 /* Project object */;
}
